github.com/gopacket/gopacket v1.7.2 h1:ttSVNW9A3eUFaSd9+D95aD03Knk2j7KfajhN5twYSHo=
github.com/gopacket/gopacket v1.7.2/go.mod h1:QKowPlTLrQU2rqV5C5I14Aoaid3l8da3kbddibc/Wgk=
golang.org/x/sys v0.48.0 h1:bbX/i/6MgT9BVLM9RT1thmxL04yeTAhbEz4SyadbXoo=
golang.org/x/sys v0.48.0/go.mod h1:hNLxWAXmnKAxqDtdwIYC4bM9oQPEecfsnNMuSxOs3og=
