github.com/gopacket/gopacket v1.7.1 h1:1C7/wrJ5HyiEAYDtStJHQk4rV0ChpanZDV9+3Ov3gaM=
github.com/gopacket/gopacket v1.7.1/go.mod h1:QKowPlTLrQU2rqV5C5I14Aoaid3l8da3kbddibc/Wgk=
golang.org/x/sys v0.48.0 h1:bbX/i/6MgT9BVLM9RT1thmxL04yeTAhbEz4SyadbXoo=
golang.org/x/sys v0.48.0/go.mod h1:hNLxWAXmnKAxqDtdwIYC4bM9oQPEecfsnNMuSxOs3og=
